
Microsoft Visual Studio Solution File, Format Version 12.00
# Visual Studio Version 17
VisualStudioVersion = 17.6.33723.286
MinimumVisualStudioVersion = 10.0.40219.1
Project("{FAE04EC0-301F-11D3-BF4B-00C04F79EFBC}") = "OnionCrafter.Utils.Exception", "src\OnionCrafter.Utils.Exception.csproj", "{64695308-D1E8-4972-B6F5-954437B1A537}"
EndProject
Global
	GlobalSection(SolutionConfigurationPlatforms) = preSolution
		Debug|Any CPU = Debug|Any CPU
		Release|Any CPU = Release|Any CPU
	EndGlobalSection
	GlobalSection(ProjectConfigurationPlatforms) = postSolution
		{64695308-D1E8-4972-B6F5-954437B1A537}.Debug|Any CPU.ActiveCfg = Debug|Any CPU
		{64695308-D1E8-4972-B6F5-954437B1A537}.Debug|Any CPU.Build.0 = Debug|Any CPU
		{64695308-D1E8-4972-B6F5-954437B1A537}.Release|Any CPU.ActiveCfg = Release|Any CPU
		{64695308-D1E8-4972-B6F5-954437B1A537}.Release|Any CPU.Build.0 = Release|Any CPU
	EndGlobalSection
	GlobalSection(SolutionProperties) = preSolution
		HideSolutionNode = FALSE
	EndGlobalSection
	GlobalSection(ExtensibilityGlobals) = postSolution
		SolutionGuid = {F7DC1A4D-4D9C-43DB-9C07-BFB445D04F06}
	EndGlobalSection
EndGlobal
